
Microsoft Visual Studio Solution File, Format Version 12.00
# Visual Studio Version 17
VisualStudioVersion = 17.9.34728.123
MinimumVisualStudioVersion = 10.0.40219.1
Project("{FAE04EC0-301F-11D3-BF4B-00C04F79EFBC}") = "BluegrassDigitalPeopleDirectory", "BluegrassDigitalPeopleDirectory\BluegrassDigitalPeopleDirectory.csproj", "{C669C839-0747-4F47-8555-8F8BF462AEA4}"
EndProject
Global
	GlobalSection(SolutionConfigurationPlatforms) = preSolution
		Debug|Any CPU = Debug|Any CPU
		Release|Any CPU = Release|Any CPU
	EndGlobalSection
	GlobalSection(ProjectConfigurationPlatforms) = postSolution
		{C669C839-0747-4F47-8555-8F8BF462AEA4}.Debug|Any CPU.ActiveCfg = Debug|Any CPU
		{C669C839-0747-4F47-8555-8F8BF462AEA4}.Debug|Any CPU.Build.0 = Debug|Any CPU
		{C669C839-0747-4F47-8555-8F8BF462AEA4}.Release|Any CPU.ActiveCfg = Release|Any CPU
		{C669C839-0747-4F47-8555-8F8BF462AEA4}.Release|Any CPU.Build.0 = Release|Any CPU
	EndGlobalSection
	GlobalSection(SolutionProperties) = preSolution
		HideSolutionNode = FALSE
	EndGlobalSection
	GlobalSection(ExtensibilityGlobals) = postSolution
		SolutionGuid = {7673AB52-C3F4-41C8-8A47-C7772C5D5678}
	EndGlobalSection
EndGlobal
